// !$*UTF8*$!
{
	archiveVersion = 1;
	classes = {
	};
	objectVersion = 51;
	objects = {

/* Begin PBXBuildFile section */
		81502AE524979A37281BDB42 /* Pods_The_Car_Shop.framework in Frameworks */ = {isa = PBXBuildFile; fileRef = 146023AB12905F0DE99E3CCB /* Pods_The_Car_Shop.framework */; };
		977D95EF24FDE6E20049B37C /* AppDelegate.swift in Sources */ = {isa = PBXBuildFile; fileRef = 977D95EE24FDE6E20049B37C /* AppDelegate.swift */; };
		977D95F124FDE6E20049B37C /* SceneDelegate.swift in Sources */ = {isa = PBXBuildFile; fileRef = 977D95F024FDE6E20049B37C /* SceneDelegate.swift */; };
		977D95F324FDE6E20049B37C /* ViewController.swift in Sources */ = {isa = PBXBuildFile; fileRef = 977D95F224FDE6E20049B37C /* ViewController.swift */; };
		977D95F624FDE6E20049B37C /* Main.storyboard in Resources */ = {isa = PBXBuildFile; fileRef = 977D95F424FDE6E20049B37C /* Main.storyboard */; };
		977D95F824FDE6F90049B37C /* Assets.xcassets in Resources */ = {isa = PBXBuildFile; fileRef = 977D95F724FDE6F90049B37C /* Assets.xcassets */; };
		977D95FB24FDE6F90049B37C /* LaunchScreen.storyboard in Resources */ = {isa = PBXBuildFile; fileRef = 977D95F924FDE6F90049B37C /* LaunchScreen.storyboard */; };
		97A13C2524FE998D0084749C /* CarCell.swift in Sources */ = {isa = PBXBuildFile; fileRef = 97A13C2424FE998D0084749C /* CarCell.swift */; };
		97A13C2B24FE9EF00084749C /* Car.swift in Sources */ = {isa = PBXBuildFile; fileRef = 97A13C2A24FE9EF00084749C /* Car.swift */; };
		97A13C3224FED2E00084749C /* CarsViewModel.swift in Sources */ = {isa = PBXBuildFile; fileRef = 97A13C3124FED2E00084749C /* CarsViewModel.swift */; };
		97A13C3624FED7530084749C /* ViewModelProtocol.swift in Sources */ = {isa = PBXBuildFile; fileRef = 97A13C3524FED7530084749C /* ViewModelProtocol.swift */; };
		97A13C3824FED7F70084749C /* BaseViewController.swift in Sources */ = {isa = PBXBuildFile; fileRef = 97A13C3724FED7F70084749C /* BaseViewController.swift */; };
		97A13C3A24FEDA580084749C /* DBHelper.swift in Sources */ = {isa = PBXBuildFile; fileRef = 97A13C3924FEDA580084749C /* DBHelper.swift */; };
/* End PBXBuildFile section */

/* Begin PBXFileReference section */
		146023AB12905F0DE99E3CCB /* Pods_The_Car_Shop.framework */ = {isa = PBXFileReference; explicitFileType = wrapper.framework; includeInIndex = 0; path = Pods_The_Car_Shop.framework; sourceTree = BUILT_PRODUCTS_DIR; };
		88FF103DDCCCFE6B136AEEB3 /* Pods-The Car Shop.debug.xcconfig */ = {isa = PBXFileReference; includeInIndex = 1; lastKnownFileType = text.xcconfig; name = "Pods-The Car Shop.debug.xcconfig"; path = "Target Support Files/Pods-The Car Shop/Pods-The Car Shop.debug.xcconfig"; sourceTree = "<group>"; };
		977D95EB24FDE6E20049B37C /* The Car Shop.app */ = {isa = PBXFileReference; explicitFileType = wrapper.application; includeInIndex = 0; path = "The Car Shop.app"; sourceTree = BUILT_PRODUCTS_DIR; };
		977D95EE24FDE6E20049B37C /* AppDelegate.swift */ = {isa = PBXFileReference; lastKnownFileType = sourcecode.swift; path = AppDelegate.swift; sourceTree = "<group>"; };
		977D95F024FDE6E20049B37C /* SceneDelegate.swift */ = {isa = PBXFileReference; lastKnownFileType = sourcecode.swift; path = SceneDelegate.swift; sourceTree = "<group>"; };
		977D95F224FDE6E20049B37C /* ViewController.swift */ = {isa = PBXFileReference; lastKnownFileType = sourcecode.swift; path = ViewController.swift; sourceTree = "<group>"; };
		977D95F524FDE6E20049B37C /* Base */ = {isa = PBXFileReference; lastKnownFileType = file.storyboard; name = Base; path = Base.lproj/Main.storyboard; sourceTree = "<group>"; };
		977D95F724FDE6F90049B37C /* Assets.xcassets */ = {isa = PBXFileReference; lastKnownFileType = folder.assetcatalog; path = Assets.xcassets; sourceTree = "<group>"; };
		977D95FA24FDE6F90049B37C /* Base */ = {isa = PBXFileReference; lastKnownFileType = file.storyboard; name = Base; path = Base.lproj/LaunchScreen.storyboard; sourceTree = "<group>"; };
		977D95FC24FDE6F90049B37C /* Info.plist */ = {isa = PBXFileReference; lastKnownFileType = text.plist.xml; path = Info.plist; sourceTree = "<group>"; };
		97A13C2424FE998D0084749C /* CarCell.swift */ = {isa = PBXFileReference; lastKnownFileType = sourcecode.swift; path = CarCell.swift; sourceTree = "<group>"; };
		97A13C2A24FE9EF00084749C /* Car.swift */ = {isa = PBXFileReference; lastKnownFileType = sourcecode.swift; path = Car.swift; sourceTree = "<group>"; };
		97A13C3124FED2E00084749C /* CarsViewModel.swift */ = {isa = PBXFileReference; lastKnownFileType = sourcecode.swift; path = CarsViewModel.swift; sourceTree = "<group>"; };
		97A13C3524FED7530084749C /* ViewModelProtocol.swift */ = {isa = PBXFileReference; lastKnownFileType = sourcecode.swift; path = ViewModelProtocol.swift; sourceTree = "<group>"; };
		97A13C3724FED7F70084749C /* BaseViewController.swift */ = {isa = PBXFileReference; lastKnownFileType = sourcecode.swift; path = BaseViewController.swift; sourceTree = "<group>"; };
		97A13C3924FEDA580084749C /* DBHelper.swift */ = {isa = PBXFileReference; lastKnownFileType = sourcecode.swift; path = DBHelper.swift; sourceTree = "<group>"; };
		D92DE076567B1F3C99C07C72 /* Pods-The Car Shop.release.xcconfig */ = {isa = PBXFileReference; includeInIndex = 1; lastKnownFileType = text.xcconfig; name = "Pods-The Car Shop.release.xcconfig"; path = "Target Support Files/Pods-The Car Shop/Pods-The Car Shop.release.xcconfig"; sourceTree = "<group>"; };
/* End PBXFileReference section */

/* Begin PBXFrameworksBuildPhase section */
		977D95E824FDE6E20049B37C /* Frameworks */ = {
			isa = PBXFrameworksBuildPhase;
			buildActionMask = 2147483647;
			files = (
				81502AE524979A37281BDB42 /* Pods_The_Car_Shop.framework in Frameworks */,
			);
			runOnlyForDeploymentPostprocessing = 0;
		};
/* End PBXFrameworksBuildPhase section */

/* Begin PBXGroup section */
		3A314E0E06D9D4926F62A700 /* Frameworks */ = {
			isa = PBXGroup;
			children = (
				146023AB12905F0DE99E3CCB /* Pods_The_Car_Shop.framework */,
			);
			name = Frameworks;
			sourceTree = "<group>";
		};
		5537FE3D64D19ECFD27AB24F /* Pods */ = {
			isa = PBXGroup;
			children = (
				88FF103DDCCCFE6B136AEEB3 /* Pods-The Car Shop.debug.xcconfig */,
				D92DE076567B1F3C99C07C72 /* Pods-The Car Shop.release.xcconfig */,
			);
			path = Pods;
			sourceTree = "<group>";
		};
		977D95E224FDE6E20049B37C = {
			isa = PBXGroup;
			children = (
				977D95ED24FDE6E20049B37C /* The Car Shop */,
				977D95EC24FDE6E20049B37C /* Products */,
				5537FE3D64D19ECFD27AB24F /* Pods */,
				3A314E0E06D9D4926F62A700 /* Frameworks */,
			);
			sourceTree = "<group>";
		};
		977D95EC24FDE6E20049B37C /* Products */ = {
			isa = PBXGroup;
			children = (
				977D95EB24FDE6E20049B37C /* The Car Shop.app */,
			);
			name = Products;
			sourceTree = "<group>";
		};
		977D95ED24FDE6E20049B37C /* The Car Shop */ = {
			isa = PBXGroup;
			children = (
				97A13C3424FED7290084749C /* Helpers */,
				97A13C2924FE9EC20084749C /* Views */,
				97A13C2824FE9EAB0084749C /* Models */,
				97A13C2724FE9E930084749C /* ViewModels */,
				97A13C2624FE9CDD0084749C /* ViewControllers */,
				977D95EE24FDE6E20049B37C /* AppDelegate.swift */,
				977D95F024FDE6E20049B37C /* SceneDelegate.swift */,
				977D95FC24FDE6F90049B37C /* Info.plist */,
			);
			path = "The Car Shop";
			sourceTree = "<group>";
		};
		97A13C2624FE9CDD0084749C /* ViewControllers */ = {
			isa = PBXGroup;
			children = (
				97A13C2424FE998D0084749C /* CarCell.swift */,
				977D95F224FDE6E20049B37C /* ViewController.swift */,
			);
			path = ViewControllers;
			sourceTree = "<group>";
		};
		97A13C2724FE9E930084749C /* ViewModels */ = {
			isa = PBXGroup;
			children = (
				97A13C3124FED2E00084749C /* CarsViewModel.swift */,
			);
			path = ViewModels;
			sourceTree = "<group>";
		};
		97A13C2824FE9EAB0084749C /* Models */ = {
			isa = PBXGroup;
			children = (
				97A13C2A24FE9EF00084749C /* Car.swift */,
			);
			path = Models;
			sourceTree = "<group>";
		};
		97A13C2924FE9EC20084749C /* Views */ = {
			isa = PBXGroup;
			children = (
				977D95F424FDE6E20049B37C /* Main.storyboard */,
				977D95F924FDE6F90049B37C /* LaunchScreen.storyboard */,
				977D95F724FDE6F90049B37C /* Assets.xcassets */,
			);
			path = Views;
			sourceTree = "<group>";
		};
		97A13C3424FED7290084749C /* Helpers */ = {
			isa = PBXGroup;
			children = (
				97A13C3524FED7530084749C /* ViewModelProtocol.swift */,
				97A13C3724FED7F70084749C /* BaseViewController.swift */,
				97A13C3924FEDA580084749C /* DBHelper.swift */,
			);
			path = Helpers;
			sourceTree = "<group>";
		};
/* End PBXGroup section */

/* Begin PBXNativeTarget section */
		977D95EA24FDE6E20049B37C /* The Car Shop */ = {
			isa = PBXNativeTarget;
			buildConfigurationList = 977D95FF24FDE6F90049B37C /* Build configuration list for PBXNativeTarget "The Car Shop" */;
			buildPhases = (
				C6D1C5BC56DE5C7F04FB20B7 /* [CP] Check Pods Manifest.lock */,
				977D95E724FDE6E20049B37C /* Sources */,
				977D95E824FDE6E20049B37C /* Frameworks */,
				977D95E924FDE6E20049B37C /* Resources */,
				F05096546823FD77844D66D2 /* [CP] Embed Pods Frameworks */,
			);
			buildRules = (
			);
			dependencies = (
			);
			name = "The Car Shop";
			productName = "The Car Shop";
			productReference = 977D95EB24FDE6E20049B37C /* The Car Shop.app */;
			productType = "com.apple.product-type.application";
		};
/* End PBXNativeTarget section */

/* Begin PBXProject section */
		977D95E324FDE6E20049B37C /* Project object */ = {
			isa = PBXProject;
			attributes = {
				LastSwiftUpdateCheck = 1160;
				LastUpgradeCheck = 1160;
				ORGANIZATIONNAME = "Matt León";
				TargetAttributes = {
					977D95EA24FDE6E20049B37C = {
						CreatedOnToolsVersion = 11.6;
					};
				};
			};
			buildConfigurationList = 977D95E624FDE6E20049B37C /* Build configuration list for PBXProject "The Car Shop" */;
			compatibilityVersion = "Xcode 9.3";
			developmentRegion = en;
			hasScannedForEncodings = 0;
			knownRegions = (
				en,
				Base,
			);
			mainGroup = 977D95E224FDE6E20049B37C;
			productRefGroup = 977D95EC24FDE6E20049B37C /* Products */;
			projectDirPath = "";
			projectRoot = "";
			targets = (
				977D95EA24FDE6E20049B37C /* The Car Shop */,
			);
		};
/* End PBXProject section */

/* Begin PBXResourcesBuildPhase section */
		977D95E924FDE6E20049B37C /* Resources */ = {
			isa = PBXResourcesBuildPhase;
			buildActionMask = 2147483647;
			files = (
				977D95FB24FDE6F90049B37C /* LaunchScreen.storyboard in Resources */,
				977D95F824FDE6F90049B37C /* Assets.xcassets in Resources */,
				977D95F624FDE6E20049B37C /* Main.storyboard in Resources */,
			);
			runOnlyForDeploymentPostprocessing = 0;
		};
/* End PBXResourcesBuildPhase section */

/* Begin PBXShellScriptBuildPhase section */
		C6D1C5BC56DE5C7F04FB20B7 /* [CP] Check Pods Manifest.lock */ = {
			isa = PBXShellScriptBuildPhase;
			buildActionMask = 2147483647;
			files = (
			);
			inputFileListPaths = (
			);
			inputPaths = (
				"${PODS_PODFILE_DIR_PATH}/Podfile.lock",
				"${PODS_ROOT}/Manifest.lock",
			);
			name = "[CP] Check Pods Manifest.lock";
			outputFileListPaths = (
			);
			outputPaths = (
				"$(DERIVED_FILE_DIR)/Pods-The Car Shop-checkManifestLockResult.txt",
			);
			runOnlyForDeploymentPostprocessing = 0;
			shellPath = /bin/sh;
			shellScript = "diff \"${PODS_PODFILE_DIR_PATH}/Podfile.lock\" \"${PODS_ROOT}/Manifest.lock\" > /dev/null\nif [ $? != 0 ] ; then\n    # print error to STDERR\n    echo \"error: The sandbox is not in sync with the Podfile.lock. Run 'pod install' or update your CocoaPods installation.\" >&2\n    exit 1\nfi\n# This output is used by Xcode 'outputs' to avoid re-running this script phase.\necho \"SUCCESS\" > \"${SCRIPT_OUTPUT_FILE_0}\"\n";
			showEnvVarsInLog = 0;
		};
		F05096546823FD77844D66D2 /* [CP] Embed Pods Frameworks */ = {
			isa = PBXShellScriptBuildPhase;
			buildActionMask = 2147483647;
			files = (
			);
			inputFileListPaths = (
				"${PODS_ROOT}/Target Support Files/Pods-The Car Shop/Pods-The Car Shop-frameworks-${CONFIGURATION}-input-files.xcfilelist",
			);
			name = "[CP] Embed Pods Frameworks";
			outputFileListPaths = (
				"${PODS_ROOT}/Target Support Files/Pods-The Car Shop/Pods-The Car Shop-frameworks-${CONFIGURATION}-output-files.xcfilelist",
			);
			runOnlyForDeploymentPostprocessing = 0;
			shellPath = /bin/sh;
			shellScript = "\"${PODS_ROOT}/Target Support Files/Pods-The Car Shop/Pods-The Car Shop-frameworks.sh\"\n";
			showEnvVarsInLog = 0;
		};
/* End PBXShellScriptBuildPhase section */

/* Begin PBXSourcesBuildPhase section */
		977D95E724FDE6E20049B37C /* Sources */ = {
			isa = PBXSourcesBuildPhase;
			buildActionMask = 2147483647;
			files = (
				977D95F324FDE6E20049B37C /* ViewController.swift in Sources */,
				97A13C3224FED2E00084749C /* CarsViewModel.swift in Sources */,
				977D95EF24FDE6E20049B37C /* AppDelegate.swift in Sources */,
				97A13C2B24FE9EF00084749C /* Car.swift in Sources */,
				97A13C3A24FEDA580084749C /* DBHelper.swift in Sources */,
				97A13C3624FED7530084749C /* ViewModelProtocol.swift in Sources */,
				97A13C3824FED7F70084749C /* BaseViewController.swift in Sources */,
				97A13C2524FE998D0084749C /* CarCell.swift in Sources */,
				977D95F124FDE6E20049B37C /* SceneDelegate.swift in Sources */,
			);
			runOnlyForDeploymentPostprocessing = 0;
		};
/* End PBXSourcesBuildPhase section */

/* Begin PBXVariantGroup section */
		977D95F424FDE6E20049B37C /* Main.storyboard */ = {
			isa = PBXVariantGroup;
			children = (
				977D95F524FDE6E20049B37C /* Base */,
			);
			name = Main.storyboard;
			sourceTree = "<group>";
		};
		977D95F924FDE6F90049B37C /* LaunchScreen.storyboard */ = {
			isa = PBXVariantGroup;
			children = (
				977D95FA24FDE6F90049B37C /* Base */,
			);
			name = LaunchScreen.storyboard;
			sourceTree = "<group>";
		};
/* End PBXVariantGroup section */

/* Begin XCBuildConfiguration section */
		977D95FD24FDE6F90049B37C /* Debug */ = {
			isa = XCBuildConfiguration;
			buildSettings = {
				ALWAYS_SEARCH_USER_PATHS = NO;
				CLANG_ANALYZER_NONNULL = YES;
				CLANG_ANALYZER_NUMBER_OBJECT_CONVERSION = YES_AGGRESSIVE;
				CLANG_CXX_LANGUAGE_STANDARD = "gnu++14";
				CLANG_CXX_LIBRARY = "libc++";
				CLANG_ENABLE_MODULES = YES;
				CLANG_ENABLE_OBJC_ARC = YES;
				CLANG_ENABLE_OBJC_WEAK = YES;
				CLANG_WARN_BLOCK_CAPTURE_AUTORELEASING = YES;
				CLANG_WARN_BOOL_CONVERSION = YES;
				CLANG_WARN_COMMA = YES;
				CLANG_WARN_CONSTANT_CONVERSION = YES;
				CLANG_WARN_DEPRECATED_OBJC_IMPLEMENTATIONS = YES;
				CLANG_WARN_DIRECT_OBJC_ISA_USAGE = YES_ERROR;
				CLANG_WARN_DOCUMENTATION_COMMENTS = YES;
				CLANG_WARN_EMPTY_BODY = YES;
				CLANG_WARN_ENUM_CONVERSION = YES;
				CLANG_WARN_INFINITE_RECURSION = YES;
				CLANG_WARN_INT_CONVERSION = YES;
				CLANG_WARN_NON_LITERAL_NULL_CONVERSION = YES;
				CLANG_WARN_OBJC_IMPLICIT_RETAIN_SELF = YES;
				CLANG_WARN_OBJC_LITERAL_CONVERSION = YES;
				CLANG_WARN_OBJC_ROOT_CLASS = YES_ERROR;
				CLANG_WARN_RANGE_LOOP_ANALYSIS = YES;
				CLANG_WARN_STRICT_PROTOTYPES = YES;
				CLANG_WARN_SUSPICIOUS_MOVE = YES;
				CLANG_WARN_UNGUARDED_AVAILABILITY = YES_AGGRESSIVE;
				CLANG_WARN_UNREACHABLE_CODE = YES;
				CLANG_WARN__DUPLICATE_METHOD_MATCH = YES;
				COPY_PHASE_STRIP = NO;
				DEBUG_INFORMATION_FORMAT = dwarf;
				ENABLE_STRICT_OBJC_MSGSEND = YES;
				ENABLE_TESTABILITY = YES;
				GCC_C_LANGUAGE_STANDARD = gnu11;
				GCC_DYNAMIC_NO_PIC = NO;
				GCC_NO_COMMON_BLOCKS = YES;
				GCC_OPTIMIZATION_LEVEL = 0;
				GCC_PREPROCESSOR_DEFINITIONS = (
					"DEBUG=1",
					"$(inherited)",
				);
				GCC_WARN_64_TO_32_BIT_CONVERSION = YES;
				GCC_WARN_ABOUT_RETURN_TYPE = YES_ERROR;
				GCC_WARN_UNDECLARED_SELECTOR = YES;
				GCC_WARN_UNINITIALIZED_AUTOS = YES_AGGRESSIVE;
				GCC_WARN_UNUSED_FUNCTION = YES;
				GCC_WARN_UNUSED_VARIABLE = YES;
				IPHONEOS_DEPLOYMENT_TARGET = 13.6;
				MTL_ENABLE_DEBUG_INFO = INCLUDE_SOURCE;
				MTL_FAST_MATH = YES;
				ONLY_ACTIVE_ARCH = YES;
				SDKROOT = iphoneos;
				SWIFT_ACTIVE_COMPILATION_CONDITIONS = DEBUG;
				SWIFT_OPTIMIZATION_LEVEL = "-Onone";
			};
			name = Debug;
		};
		977D95FE24FDE6F90049B37C /* Release */ = {
			isa = XCBuildConfiguration;
			buildSettings = {
				ALWAYS_SEARCH_USER_PATHS = NO;
				CLANG_ANALYZER_NONNULL = YES;
				CLANG_ANALYZER_NUMBER_OBJECT_CONVERSION = YES_AGGRESSIVE;
				CLANG_CXX_LANGUAGE_STANDARD = "gnu++14";
				CLANG_CXX_LIBRARY = "libc++";
				CLANG_ENABLE_MODULES = YES;
				CLANG_ENABLE_OBJC_ARC = YES;
				CLANG_ENABLE_OBJC_WEAK = YES;
				CLANG_WARN_BLOCK_CAPTURE_AUTORELEASING = YES;
				CLANG_WARN_BOOL_CONVERSION = YES;
				CLANG_WARN_COMMA = YES;
				CLANG_WARN_CONSTANT_CONVERSION = YES;
				CLANG_WARN_DEPRECATED_OBJC_IMPLEMENTATIONS = YES;
				CLANG_WARN_DIRECT_OBJC_ISA_USAGE = YES_ERROR;
				CLANG_WARN_DOCUMENTATION_COMMENTS = YES;
				CLANG_WARN_EMPTY_BODY = YES;
				CLANG_WARN_ENUM_CONVERSION = YES;
				CLANG_WARN_INFINITE_RECURSION = YES;
				CLANG_WARN_INT_CONVERSION = YES;
				CLANG_WARN_NON_LITERAL_NULL_CONVERSION = YES;
				CLANG_WARN_OBJC_IMPLICIT_RETAIN_SELF = YES;
				CLANG_WARN_OBJC_LITERAL_CONVERSION = YES;
				CLANG_WARN_OBJC_ROOT_CLASS = YES_ERROR;
				CLANG_WARN_RANGE_LOOP_ANALYSIS = YES;
				CLANG_WARN_STRICT_PROTOTYPES = YES;
				CLANG_WARN_SUSPICIOUS_MOVE = YES;
				CLANG_WARN_UNGUARDED_AVAILABILITY = YES_AGGRESSIVE;
				CLANG_WARN_UNREACHABLE_CODE = YES;
				CLANG_WARN__DUPLICATE_METHOD_MATCH = YES;
				COPY_PHASE_STRIP = NO;
				DEBUG_INFORMATION_FORMAT = "dwarf-with-dsym";
				ENABLE_NS_ASSERTIONS = NO;
				ENABLE_STRICT_OBJC_MSGSEND = YES;
				GCC_C_LANGUAGE_STANDARD = gnu11;
				GCC_NO_COMMON_BLOCKS = YES;
				GCC_WARN_64_TO_32_BIT_CONVERSION = YES;
				GCC_WARN_ABOUT_RETURN_TYPE = YES_ERROR;
				GCC_WARN_UNDECLARED_SELECTOR = YES;
				GCC_WARN_UNINITIALIZED_AUTOS = YES_AGGRESSIVE;
				GCC_WARN_UNUSED_FUNCTION = YES;
				GCC_WARN_UNUSED_VARIABLE = YES;
				IPHONEOS_DEPLOYMENT_TARGET = 13.6;
				MTL_ENABLE_DEBUG_INFO = NO;
				MTL_FAST_MATH = YES;
				SDKROOT = iphoneos;
				SWIFT_COMPILATION_MODE = wholemodule;
				SWIFT_OPTIMIZATION_LEVEL = "-O";
				VALIDATE_PRODUCT = YES;
			};
			name = Release;
		};
		977D960024FDE6F90049B37C /* Debug */ = {
			isa = XCBuildConfiguration;
			baseConfigurationReference = 88FF103DDCCCFE6B136AEEB3 /* Pods-The Car Shop.debug.xcconfig */;
			buildSettings = {
				ASSETCATALOG_COMPILER_APPICON_NAME = AppIcon;
				CODE_SIGN_STYLE = Automatic;
				DEVELOPMENT_TEAM = 39399Y9GVT;
				INFOPLIST_FILE = "The Car Shop/Info.plist";
				LD_RUNPATH_SEARCH_PATHS = (
					"$(inherited)",
					"@executable_path/Frameworks",
				);
				PRODUCT_BUNDLE_IDENTIFIER = "MLR3312.The-Car-Shop";
				PRODUCT_NAME = "$(TARGET_NAME)";
				SWIFT_VERSION = 5.0;
				TARGETED_DEVICE_FAMILY = 1;
			};
			name = Debug;
		};
		977D960124FDE6F90049B37C /* Release */ = {
			isa = XCBuildConfiguration;
			baseConfigurationReference = D92DE076567B1F3C99C07C72 /* Pods-The Car Shop.release.xcconfig */;
			buildSettings = {
				ASSETCATALOG_COMPILER_APPICON_NAME = AppIcon;
				CODE_SIGN_STYLE = Automatic;
				DEVELOPMENT_TEAM = 39399Y9GVT;
				INFOPLIST_FILE = "The Car Shop/Info.plist";
				LD_RUNPATH_SEARCH_PATHS = (
					"$(inherited)",
					"@executable_path/Frameworks",
				);
				PRODUCT_BUNDLE_IDENTIFIER = "MLR3312.The-Car-Shop";
				PRODUCT_NAME = "$(TARGET_NAME)";
				SWIFT_VERSION = 5.0;
				TARGETED_DEVICE_FAMILY = 1;
			};
			name = Release;
		};
/* End XCBuildConfiguration section */

/* Begin XCConfigurationList section */
		977D95E624FDE6E20049B37C /* Build configuration list for PBXProject "The Car Shop" */ = {
			isa = XCConfigurationList;
			buildConfigurations = (
				977D95FD24FDE6F90049B37C /* Debug */,
				977D95FE24FDE6F90049B37C /* Release */,
			);
			defaultConfigurationIsVisible = 0;
			defaultConfigurationName = Release;
		};
		977D95FF24FDE6F90049B37C /* Build configuration list for PBXNativeTarget "The Car Shop" */ = {
			isa = XCConfigurationList;
			buildConfigurations = (
				977D960024FDE6F90049B37C /* Debug */,
				977D960124FDE6F90049B37C /* Release */,
			);
			defaultConfigurationIsVisible = 0;
			defaultConfigurationName = Release;
		};
/* End XCConfigurationList section */
	};
	rootObject = 977D95E324FDE6E20049B37C /* Project object */;
}
